
Microsoft Visual Studio Solution File, Format Version 12.00
# Visual Studio 15
VisualStudioVersion = 15.0.28010.2016
MinimumVisualStudioVersion = 10.0.40219.1
Project("{FAE04EC0-301F-11D3-BF4B-00C04F79EFBC}") = "NewsMonitor.WPF", "NewsMonitor.WPF\NewsMonitor.WPF.csproj", "{7C1A3645-899D-4C07-BF0D-C6D96120747C}"
EndProject
Project("{FAE04EC0-301F-11D3-BF4B-00C04F79EFBC}") = "NewsMonitor", "NewsMonitor\NewsMonitor.csproj", "{BAC62F3E-7285-435C-A460-75FF6B0EBEAE}"
EndProject
Project("{FAE04EC0-301F-11D3-BF4B-00C04F79EFBC}") = "NewsMonitor.Data", "NewsMonitor.Data\NewsMonitor.Data.csproj", "{D3E357D0-BDF6-49DE-8B5B-70106552C6B7}"
EndProject
Project("{FAE04EC0-301F-11D3-BF4B-00C04F79EFBC}") = "NewsMonitor.Extensions", "NewsMonitor.Extensions\NewsMonitor.Extensions.csproj", "{B8CAFEA4-CDF1-49B6-89A8-1A72037F35F3}"
EndProject
Project("{FAE04EC0-301F-11D3-BF4B-00C04F79EFBC}") = "NewsMonitor.UnitTests", "NewsMonitor.UnitTests\NewsMonitor.UnitTests.csproj", "{04AF9353-6AD0-4EB4-B0CB-285A9EC31662}"
EndProject
Global
	GlobalSection(SolutionConfigurationPlatforms) = preSolution
		Debug|Any CPU = Debug|Any CPU
		Release|Any CPU = Release|Any CPU
	EndGlobalSection
	GlobalSection(ProjectConfigurationPlatforms) = postSolution
		{7C1A3645-899D-4C07-BF0D-C6D96120747C}.Debug|Any CPU.ActiveCfg = Debug|Any CPU
		{7C1A3645-899D-4C07-BF0D-C6D96120747C}.Debug|Any CPU.Build.0 = Debug|Any CPU
		{7C1A3645-899D-4C07-BF0D-C6D96120747C}.Release|Any CPU.ActiveCfg = Release|Any CPU
		{7C1A3645-899D-4C07-BF0D-C6D96120747C}.Release|Any CPU.Build.0 = Release|Any CPU
		{BAC62F3E-7285-435C-A460-75FF6B0EBEAE}.Debug|Any CPU.ActiveCfg = Debug|Any CPU
		{BAC62F3E-7285-435C-A460-75FF6B0EBEAE}.Debug|Any CPU.Build.0 = Debug|Any CPU
		{BAC62F3E-7285-435C-A460-75FF6B0EBEAE}.Release|Any CPU.ActiveCfg = Release|Any CPU
		{BAC62F3E-7285-435C-A460-75FF6B0EBEAE}.Release|Any CPU.Build.0 = Release|Any CPU
		{D3E357D0-BDF6-49DE-8B5B-70106552C6B7}.Debug|Any CPU.ActiveCfg = Debug|Any CPU
		{D3E357D0-BDF6-49DE-8B5B-70106552C6B7}.Debug|Any CPU.Build.0 = Debug|Any CPU
		{D3E357D0-BDF6-49DE-8B5B-70106552C6B7}.Release|Any CPU.ActiveCfg = Release|Any CPU
		{D3E357D0-BDF6-49DE-8B5B-70106552C6B7}.Release|Any CPU.Build.0 = Release|Any CPU
		{B8CAFEA4-CDF1-49B6-89A8-1A72037F35F3}.Debug|Any CPU.ActiveCfg = Debug|Any CPU
		{B8CAFEA4-CDF1-49B6-89A8-1A72037F35F3}.Debug|Any CPU.Build.0 = Debug|Any CPU
		{B8CAFEA4-CDF1-49B6-89A8-1A72037F35F3}.Release|Any CPU.ActiveCfg = Release|Any CPU
		{B8CAFEA4-CDF1-49B6-89A8-1A72037F35F3}.Release|Any CPU.Build.0 = Release|Any CPU
		{04AF9353-6AD0-4EB4-B0CB-285A9EC31662}.Debug|Any CPU.ActiveCfg = Debug|Any CPU
		{04AF9353-6AD0-4EB4-B0CB-285A9EC31662}.Debug|Any CPU.Build.0 = Debug|Any CPU
		{04AF9353-6AD0-4EB4-B0CB-285A9EC31662}.Release|Any CPU.ActiveCfg = Release|Any CPU
		{04AF9353-6AD0-4EB4-B0CB-285A9EC31662}.Release|Any CPU.Build.0 = Release|Any CPU
	EndGlobalSection
	GlobalSection(SolutionProperties) = preSolution
		HideSolutionNode = FALSE
	EndGlobalSection
	GlobalSection(ExtensibilityGlobals) = postSolution
		SolutionGuid = {50D930AC-4AAC-4387-AA84-C0EBBF5A3DA9}
	EndGlobalSection
EndGlobal
